// !$*UTF8*$!
{
	archiveVersion = 1;
	classes = {
	};
	objectVersion = 46;
	objects = {

/* Begin PBXAggregateTarget section */
		24416B8111C4CA220047AFDD /* Build & Test */ = {
			isa = PBXAggregateTarget;
			buildConfigurationList = 24416B8A11C4CA520047AFDD /* Build configuration list for PBXAggregateTarget "Build & Test" */;
			buildPhases = (
				24416B8011C4CA220047AFDD /* ShellScript */,
			);
			dependencies = (
				24416B8511C4CA280047AFDD /* PBXTargetDependency */,
			);
			name = "Build & Test";
			productName = "Build & test";
		};
/* End PBXAggregateTarget section */

/* Begin PBXBuildFile section */
		2E3C1BD71B051B4400F4DCF4 /* libePub3-iOS.a in Frameworks */ = {isa = PBXBuildFile; fileRef = 2E407C151B0505100098AD0A /* libePub3-iOS.a */; };
		2E3C1D1C1B051FBF00F4DCF4 /* RDContainer.mm in Sources */ = {isa = PBXBuildFile; fileRef = 2E3C1CC51B051FBF00F4DCF4 /* RDContainer.mm */; };
		2E3C1D1E1B051FBF00F4DCF4 /* RDMediaOverlaysSmilModel.mm in Sources */ = {isa = PBXBuildFile; fileRef = 2E3C1CC71B051FBF00F4DCF4 /* RDMediaOverlaysSmilModel.mm */; };
		2E3C1D201B051FBF00F4DCF4 /* RDNavigationElement.mm in Sources */ = {isa = PBXBuildFile; fileRef = 2E3C1CC91B051FBF00F4DCF4 /* RDNavigationElement.mm */; };
		2E3C1D221B051FBF00F4DCF4 /* RDPackage.mm in Sources */ = {isa = PBXBuildFile; fileRef = 2E3C1CCB1B051FBF00F4DCF4 /* RDPackage.mm */; };
		2E3C1D241B051FBF00F4DCF4 /* RDPackageResource.mm in Sources */ = {isa = PBXBuildFile; fileRef = 2E3C1CCD1B051FBF00F4DCF4 /* RDPackageResource.mm */; };
		2E3C1D261B051FBF00F4DCF4 /* RDPackageResourceConnection.m in Sources */ = {isa = PBXBuildFile; fileRef = 2E3C1CCF1B051FBF00F4DCF4 /* RDPackageResourceConnection.m */; };
		2E3C1D281B051FBF00F4DCF4 /* RDPackageResourceDataResponse.m in Sources */ = {isa = PBXBuildFile; fileRef = 2E3C1CD11B051FBF00F4DCF4 /* RDPackageResourceDataResponse.m */; };
		2E3C1D2A1B051FBF00F4DCF4 /* RDPackageResourceResponse.m in Sources */ = {isa = PBXBuildFile; fileRef = 2E3C1CD31B051FBF00F4DCF4 /* RDPackageResourceResponse.m */; };
		2E3C1D2C1B051FBF00F4DCF4 /* RDPackageResourceServer.m in Sources */ = {isa = PBXBuildFile; fileRef = 2E3C1CD51B051FBF00F4DCF4 /* RDPackageResourceServer.m */; };
		2E3C1D2E1B051FBF00F4DCF4 /* RDSmilData.mm in Sources */ = {isa = PBXBuildFile; fileRef = 2E3C1CD71B051FBF00F4DCF4 /* RDSmilData.mm */; };
		2E3C1D301B051FBF00F4DCF4 /* RDSpineItem.mm in Sources */ = {isa = PBXBuildFile; fileRef = 2E3C1CD91B051FBF00F4DCF4 /* RDSpineItem.mm */; };
		2E3C1D321B051FBF00F4DCF4 /* DDData.m in Sources */ = {isa = PBXBuildFile; fileRef = 2E3C1CDF1B051FBF00F4DCF4 /* DDData.m */; };
		2E3C1D341B051FBF00F4DCF4 /* DDNumber.m in Sources */ = {isa = PBXBuildFile; fileRef = 2E3C1CE11B051FBF00F4DCF4 /* DDNumber.m */; };
		2E3C1D361B051FBF00F4DCF4 /* DDRange.m in Sources */ = {isa = PBXBuildFile; fileRef = 2E3C1CE31B051FBF00F4DCF4 /* DDRange.m */; };
		2E3C1D381B051FBF00F4DCF4 /* HTTPAuthenticationRequest.m in Sources */ = {isa = PBXBuildFile; fileRef = 2E3C1CE51B051FBF00F4DCF4 /* HTTPAuthenticationRequest.m */; };
		2E3C1D3A1B051FBF00F4DCF4 /* HTTPConnection.m in Sources */ = {isa = PBXBuildFile; fileRef = 2E3C1CE71B051FBF00F4DCF4 /* HTTPConnection.m */; };
		2E3C1D3D1B051FBF00F4DCF4 /* HTTPMessage.m in Sources */ = {isa = PBXBuildFile; fileRef = 2E3C1CEA1B051FBF00F4DCF4 /* HTTPMessage.m */; };
		2E3C1D401B051FBF00F4DCF4 /* HTTPServer.m in Sources */ = {isa = PBXBuildFile; fileRef = 2E3C1CED1B051FBF00F4DCF4 /* HTTPServer.m */; };
		2E3C1D421B051FBF00F4DCF4 /* MultipartFormDataParser.m in Sources */ = {isa = PBXBuildFile; fileRef = 2E3C1CF01B051FBF00F4DCF4 /* MultipartFormDataParser.m */; };
		2E3C1D441B051FBF00F4DCF4 /* MultipartMessageHeader.m in Sources */ = {isa = PBXBuildFile; fileRef = 2E3C1CF21B051FBF00F4DCF4 /* MultipartMessageHeader.m */; };
		2E3C1D461B051FBF00F4DCF4 /* MultipartMessageHeaderField.m in Sources */ = {isa = PBXBuildFile; fileRef = 2E3C1CF41B051FBF00F4DCF4 /* MultipartMessageHeaderField.m */; };
		2E3C1D481B051FBF00F4DCF4 /* HTTPAsyncFileResponse.m in Sources */ = {isa = PBXBuildFile; fileRef = 2E3C1CF71B051FBF00F4DCF4 /* HTTPAsyncFileResponse.m */; };
		2E3C1D4A1B051FBF00F4DCF4 /* HTTPDataResponse.m in Sources */ = {isa = PBXBuildFile; fileRef = 2E3C1CF91B051FBF00F4DCF4 /* HTTPDataResponse.m */; };
		2E3C1D4C1B051FBF00F4DCF4 /* HTTPDynamicFileResponse.m in Sources */ = {isa = PBXBuildFile; fileRef = 2E3C1CFB1B051FBF00F4DCF4 /* HTTPDynamicFileResponse.m */; };
		2E3C1D4E1B051FBF00F4DCF4 /* HTTPErrorResponse.m in Sources */ = {isa = PBXBuildFile; fileRef = 2E3C1CFD1B051FBF00F4DCF4 /* HTTPErrorResponse.m */; };
		2E3C1D501B051FBF00F4DCF4 /* HTTPFileResponse.m in Sources */ = {isa = PBXBuildFile; fileRef = 2E3C1CFF1B051FBF00F4DCF4 /* HTTPFileResponse.m */; };
		2E3C1D521B051FBF00F4DCF4 /* HTTPRedirectResponse.m in Sources */ = {isa = PBXBuildFile; fileRef = 2E3C1D011B051FBF00F4DCF4 /* HTTPRedirectResponse.m */; };
		2E3C1D541B051FBF00F4DCF4 /* WebSocket.m in Sources */ = {isa = PBXBuildFile; fileRef = 2E3C1D031B051FBF00F4DCF4 /* WebSocket.m */; };
		2E3C1D571B051FBF00F4DCF4 /* GCDAsyncSocket.m in Sources */ = {isa = PBXBuildFile; fileRef = 2E3C1D081B051FBF00F4DCF4 /* GCDAsyncSocket.m */; };
		2E3C1D5A1B051FBF00F4DCF4 /* DDAbstractDatabaseLogger.m in Sources */ = {isa = PBXBuildFile; fileRef = 2E3C1D0C1B051FBF00F4DCF4 /* DDAbstractDatabaseLogger.m */; };
		2E3C1D5C1B051FBF00F4DCF4 /* DDASLLogger.m in Sources */ = {isa = PBXBuildFile; fileRef = 2E3C1D0E1B051FBF00F4DCF4 /* DDASLLogger.m */; };
		2E3C1D5E1B051FBF00F4DCF4 /* DDFileLogger.m in Sources */ = {isa = PBXBuildFile; fileRef = 2E3C1D101B051FBF00F4DCF4 /* DDFileLogger.m */; };
		2E3C1D601B051FBF00F4DCF4 /* DDLog.m in Sources */ = {isa = PBXBuildFile; fileRef = 2E3C1D121B051FBF00F4DCF4 /* DDLog.m */; };
		2E3C1D621B051FBF00F4DCF4 /* DDTTYLogger.m in Sources */ = {isa = PBXBuildFile; fileRef = 2E3C1D141B051FBF00F4DCF4 /* DDTTYLogger.m */; };
		2E3C1D641B051FBF00F4DCF4 /* ContextFilterLogFormatter.m in Sources */ = {isa = PBXBuildFile; fileRef = 2E3C1D171B051FBF00F4DCF4 /* ContextFilterLogFormatter.m */; };
		2E3C1D661B051FBF00F4DCF4 /* DispatchQueueLogFormatter.m in Sources */ = {isa = PBXBuildFile; fileRef = 2E3C1D191B051FBF00F4DCF4 /* DispatchQueueLogFormatter.m */; };
		2E3C1DD21B05236100F4DCF4 /* ComCentogramReadiumModule.m in Headers */ = {isa = PBXBuildFile; fileRef = 2EF0BC811B027C5700362F5E /* ComCentogramReadiumModule.m */; };
		2E3C1DD31B05236100F4DCF4 /* ComCentogramReadiumModuleAssets.h in Headers */ = {isa = PBXBuildFile; fileRef = 2EF0BC821B027C5700362F5E /* ComCentogramReadiumModuleAssets.h */; };
		2E3C1DD41B05236100F4DCF4 /* ComCentogramReadiumModuleAssets.m in Headers */ = {isa = PBXBuildFile; fileRef = 2EF0BC831B027C5700362F5E /* ComCentogramReadiumModuleAssets.m */; };
		2E3C1DD51B05236100F4DCF4 /* ComCentogramReadiumViewController.m in Headers */ = {isa = PBXBuildFile; fileRef = 2EF0BC851B027C5700362F5E /* ComCentogramReadiumViewController.m */; };
		2E3D568A1B01342B00854EC0 /* libxml2.dylib in Frameworks */ = {isa = PBXBuildFile; fileRef = 2E3D56891B01342B00854EC0 /* libxml2.dylib */; };
		2E3D568C1B01343500854EC0 /* libz.dylib in Frameworks */ = {isa = PBXBuildFile; fileRef = 2E3D568B1B01343500854EC0 /* libz.dylib */; };
		2E855CE01B0A431D00F2DB09 /* ComCentogramReadiumEPubWithURLProxy.h in Headers */ = {isa = PBXBuildFile; fileRef = 2E855CDE1B0A431D00F2DB09 /* ComCentogramReadiumEPubWithURLProxy.h */; };
		2E855CE11B0A431D00F2DB09 /* ComCentogramReadiumEPubWithURLProxy.m in Sources */ = {isa = PBXBuildFile; fileRef = 2E855CDF1B0A431D00F2DB09 /* ComCentogramReadiumEPubWithURLProxy.m */; };
		2EA9ACF41B01110D00D271CD /* AVFoundation.framework in Frameworks */ = {isa = PBXBuildFile; fileRef = 2EA9ACF31B01110D00D271CD /* AVFoundation.framework */; };
		2EA9ACF61B01112F00D271CD /* CFNetwork.framework in Frameworks */ = {isa = PBXBuildFile; fileRef = 2EA9ACF51B01112F00D271CD /* CFNetwork.framework */; };
		2EA9ACF81B01113400D271CD /* CoreGraphics.framework in Frameworks */ = {isa = PBXBuildFile; fileRef = 2EA9ACF71B01113400D271CD /* CoreGraphics.framework */; };
		2EA9ACFC1B01115F00D271CD /* MobileCoreServices.framework in Frameworks */ = {isa = PBXBuildFile; fileRef = 2EA9ACF91B01115F00D271CD /* MobileCoreServices.framework */; };
		2EA9ACFD1B01115F00D271CD /* Security.framework in Frameworks */ = {isa = PBXBuildFile; fileRef = 2EA9ACFA1B01115F00D271CD /* Security.framework */; };
		2EA9ACFE1B01115F00D271CD /* UIKit.framework in Frameworks */ = {isa = PBXBuildFile; fileRef = 2EA9ACFB1B01115F00D271CD /* UIKit.framework */; };
		2EF0BC861B027C5700362F5E /* ComCentogramReadiumModule.h in Headers */ = {isa = PBXBuildFile; fileRef = 2EF0BC801B027C5700362F5E /* ComCentogramReadiumModule.h */; };
		2EF0BC871B027C5700362F5E /* ComCentogramReadiumModule.m in Sources */ = {isa = PBXBuildFile; fileRef = 2EF0BC811B027C5700362F5E /* ComCentogramReadiumModule.m */; };
		2EF0BC891B027C5700362F5E /* ComCentogramReadiumModuleAssets.m in Sources */ = {isa = PBXBuildFile; fileRef = 2EF0BC831B027C5700362F5E /* ComCentogramReadiumModuleAssets.m */; };
		2EF0BC8A1B027C5700362F5E /* ComCentogramReadiumViewController.h in Headers */ = {isa = PBXBuildFile; fileRef = 2EF0BC841B027C5700362F5E /* ComCentogramReadiumViewController.h */; };
		2EF0BC8B1B027C5700362F5E /* ComCentogramReadiumViewController.m in Sources */ = {isa = PBXBuildFile; fileRef = 2EF0BC851B027C5700362F5E /* ComCentogramReadiumViewController.m */; };
		2EF0BD4E1B02803B00362F5E /* ContainerList.m in Sources */ = {isa = PBXBuildFile; fileRef = 2EF0BD4A1B02803B00362F5E /* ContainerList.m */; };
		2EF0BD521B02809100362F5E /* BaseViewController.m in Sources */ = {isa = PBXBuildFile; fileRef = 2EF0BD501B02809100362F5E /* BaseViewController.m */; };
		2EF0BD5A1B03957C00362F5E /* ReaderViewController.h in Headers */ = {isa = PBXBuildFile; fileRef = 2EF0BD581B03957C00362F5E /* ReaderViewController.h */; };
		2EF0BD5B1B03957C00362F5E /* ReaderViewController.m in Sources */ = {isa = PBXBuildFile; fileRef = 2EF0BD591B03957C00362F5E /* ReaderViewController.m */; };
		2EF0BDDF1B03C93700362F5E /* ContainerController.m in Sources */ = {isa = PBXBuildFile; fileRef = 2EF0BDD51B03C93700362F5E /* ContainerController.m */; };
		2EF0BDE11B03C93700362F5E /* BookmarkDatabase.m in Sources */ = {isa = PBXBuildFile; fileRef = 2EF0BDD71B03C93700362F5E /* BookmarkDatabase.m */; };
		2EF0BDE31B03C93700362F5E /* BookmarkListController.m in Sources */ = {isa = PBXBuildFile; fileRef = 2EF0BDD91B03C93700362F5E /* BookmarkListController.m */; };
		2EF0BDE51B03C93700362F5E /* PackageMetadataController.m in Sources */ = {isa = PBXBuildFile; fileRef = 2EF0BDDB1B03C93700362F5E /* PackageMetadataController.m */; };
		2EF0BDE71B03C93700362F5E /* SpineItemListController.m in Sources */ = {isa = PBXBuildFile; fileRef = 2EF0BDDD1B03C93700362F5E /* SpineItemListController.m */; };
		2EF0BDEB1B03C96000362F5E /* NavigationElementController.m in Sources */ = {isa = PBXBuildFile; fileRef = 2EF0BDE91B03C96000362F5E /* NavigationElementController.m */; };
		2EF0BDF71B03CA6600362F5E /* LocStr.m in Sources */ = {isa = PBXBuildFile; fileRef = 2EF0BDF51B03CA6600362F5E /* LocStr.m */; };
		2EF0BDFD1B03CC6600362F5E /* Bookmark.m in Sources */ = {isa = PBXBuildFile; fileRef = 2EF0BDFB1B03CC6600362F5E /* Bookmark.m */; };
		2EF0BE011B03CCF300362F5E /* Settings.m in Sources */ = {isa = PBXBuildFile; fileRef = 2EF0BDFF1B03CCF300362F5E /* Settings.m */; };
		2EF0BE051B03CD1B00362F5E /* EPubSettings.m in Sources */ = {isa = PBXBuildFile; fileRef = 2EF0BE031B03CD1B00362F5E /* EPubSettings.m */; };
		2EF0BE0B1B03CDB700362F5E /* EPubSettingsController.m in Sources */ = {isa = PBXBuildFile; fileRef = 2EF0BE071B03CDB700362F5E /* EPubSettingsController.m */; };
		2EF0BE0D1B03CDB700362F5E /* EPubViewController.m in Sources */ = {isa = PBXBuildFile; fileRef = 2EF0BE091B03CDB700362F5E /* EPubViewController.m */; };
		2EF0BE1D1B03CF7200362F5E /* RDSpineItem.mm in Sources */ = {isa = PBXBuildFile; fileRef = 2EF0BE1B1B03CF7200362F5E /* RDSpineItem.mm */; };
		2EF0BF291B04E66200362F5E /* NavigationElementItem.m in Sources */ = {isa = PBXBuildFile; fileRef = 2EF0BF271B04E66200362F5E /* NavigationElementItem.m */; };
		AACBBE4A0F95108600F1A2B1 /* Foundation.framework in Frameworks */ = {isa = PBXBuildFile; fileRef = AACBBE490F95108600F1A2B1 /* Foundation.framework */; };
/* End PBXBuildFile section */

/* Begin PBXContainerItemProxy section */
		24416B8411C4CA280047AFDD /* PBXContainerItemProxy */ = {
			isa = PBXContainerItemProxy;
			containerPortal = 0867D690FE84028FC02AAC07 /* Project object */;
			proxyType = 1;
			remoteGlobalIDString = D2AAC07D0554694100DB518D;
			remoteInfo = Readium;
		};
		2E407C121B0505100098AD0A /* PBXContainerItemProxy */ = {
			isa = PBXContainerItemProxy;
			containerPortal = 2E407C0C1B0505100098AD0A /* ePub3.xcodeproj */;
			proxyType = 2;
			remoteGlobalIDString = ABA72C241655382E003125FF;
			remoteInfo = ePub3;
		};
		2E407C141B0505100098AD0A /* PBXContainerItemProxy */ = {
			isa = PBXContainerItemProxy;
			containerPortal = 2E407C0C1B0505100098AD0A /* ePub3.xcodeproj */;
			proxyType = 2;
			remoteGlobalIDString = ABA4BAE016ADF5A600161B77;
			remoteInfo = "ePub3-iOS";
		};
		2E407C161B0505100098AD0A /* PBXContainerItemProxy */ = {
			isa = PBXContainerItemProxy;
			containerPortal = 2E407C0C1B0505100098AD0A /* ePub3.xcodeproj */;
			proxyType = 2;
			remoteGlobalIDString = AB61CE4A1694845700299BB1;
			remoteInfo = UnitTests;
		};
		2E407C181B0505180098AD0A /* PBXContainerItemProxy */ = {
			isa = PBXContainerItemProxy;
			containerPortal = 2E407C0C1B0505100098AD0A /* ePub3.xcodeproj */;
			proxyType = 1;
			remoteGlobalIDString = ABA4BADF16ADF5A600161B77;
			remoteInfo = "ePub3-iOS";
		};
/* End PBXContainerItemProxy section */

/* Begin PBXFileReference section */
		24DD6D1B1134B66800162E58 /* titanium.xcconfig */ = {isa = PBXFileReference; fileEncoding = 4; lastKnownFileType = text.xcconfig; path = titanium.xcconfig; sourceTree = "<group>"; };
		2E3C1CC41B051FBF00F4DCF4 /* RDContainer.h */ = {isa = PBXFileReference; fileEncoding = 4; lastKnownFileType = sourcecode.c.h; path = RDContainer.h; sourceTree = "<group>"; };
		2E3C1CC51B051FBF00F4DCF4 /* RDContainer.mm */ = {isa = PBXFileReference; fileEncoding = 4; lastKnownFileType = sourcecode.cpp.objcpp; path = RDContainer.mm; sourceTree = "<group>"; };
		2E3C1CC61B051FBF00F4DCF4 /* RDMediaOverlaysSmilModel.h */ = {isa = PBXFileReference; fileEncoding = 4; lastKnownFileType = sourcecode.c.h; path = RDMediaOverlaysSmilModel.h; sourceTree = "<group>"; };
		2E3C1CC71B051FBF00F4DCF4 /* RDMediaOverlaysSmilModel.mm */ = {isa = PBXFileReference; fileEncoding = 4; lastKnownFileType = sourcecode.cpp.objcpp; path = RDMediaOverlaysSmilModel.mm; sourceTree = "<group>"; };
		2E3C1CC81B051FBF00F4DCF4 /* RDNavigationElement.h */ = {isa = PBXFileReference; fileEncoding = 4; lastKnownFileType = sourcecode.c.h; path = RDNavigationElement.h; sourceTree = "<group>"; };
		2E3C1CC91B051FBF00F4DCF4 /* RDNavigationElement.mm */ = {isa = PBXFileReference; fileEncoding = 4; lastKnownFileType = sourcecode.cpp.objcpp; path = RDNavigationElement.mm; sourceTree = "<group>"; };
		2E3C1CCA1B051FBF00F4DCF4 /* RDPackage.h */ = {isa = PBXFileReference; fileEncoding = 4; lastKnownFileType = sourcecode.c.h; path = RDPackage.h; sourceTree = "<group>"; };
		2E3C1CCB1B051FBF00F4DCF4 /* RDPackage.mm */ = {isa = PBXFileReference; fileEncoding = 4; lastKnownFileType = sourcecode.cpp.objcpp; path = RDPackage.mm; sourceTree = "<group>"; };
		2E3C1CCC1B051FBF00F4DCF4 /* RDPackageResource.h */ = {isa = PBXFileReference; fileEncoding = 4; lastKnownFileType = sourcecode.c.h; path = RDPackageResource.h; sourceTree = "<group>"; };
		2E3C1CCD1B051FBF00F4DCF4 /* RDPackageResource.mm */ = {isa = PBXFileReference; fileEncoding = 4; lastKnownFileType = sourcecode.cpp.objcpp; path = RDPackageResource.mm; sourceTree = "<group>"; };
		2E3C1CCE1B051FBF00F4DCF4 /* RDPackageResourceConnection.h */ = {isa = PBXFileReference; fileEncoding = 4; lastKnownFileType = sourcecode.c.h; path = RDPackageResourceConnection.h; sourceTree = "<group>"; };
		2E3C1CCF1B051FBF00F4DCF4 /* RDPackageResourceConnection.m */ = {isa = PBXFileReference; fileEncoding = 4; lastKnownFileType = sourcecode.c.objc; path = RDPackageResourceConnection.m; sourceTree = "<group>"; };
		2E3C1CD01B051FBF00F4DCF4 /* RDPackageResourceDataResponse.h */ = {isa = PBXFileReference; fileEncoding = 4; lastKnownFileType = sourcecode.c.h; path = RDPackageResourceDataResponse.h; sourceTree = "<group>"; };
		2E3C1CD11B051FBF00F4DCF4 /* RDPackageResourceDataResponse.m */ = {isa = PBXFileReference; fileEncoding = 4; lastKnownFileType = sourcecode.c.objc; path = RDPackageResourceDataResponse.m; sourceTree = "<group>"; };
		2E3C1CD21B051FBF00F4DCF4 /* RDPackageResourceResponse.h */ = {isa = PBXFileReference; fileEncoding = 4; lastKnownFileType = sourcecode.c.h; path = RDPackageResourceResponse.h; sourceTree = "<group>"; };
		2E3C1CD31B051FBF00F4DCF4 /* RDPackageResourceResponse.m */ = {isa = PBXFileReference; fileEncoding = 4; lastKnownFileType = sourcecode.c.objc; path = RDPackageResourceResponse.m; sourceTree = "<group>"; };
		2E3C1CD41B051FBF00F4DCF4 /* RDPackageResourceServer.h */ = {isa = PBXFileReference; fileEncoding = 4; lastKnownFileType = sourcecode.c.h; path = RDPackageResourceServer.h; sourceTree = "<group>"; };
		2E3C1CD51B051FBF00F4DCF4 /* RDPackageResourceServer.m */ = {isa = PBXFileReference; fileEncoding = 4; lastKnownFileType = sourcecode.c.objc; path = RDPackageResourceServer.m; sourceTree = "<group>"; };
		2E3C1CD61B051FBF00F4DCF4 /* RDSmilData.h */ = {isa = PBXFileReference; fileEncoding = 4; lastKnownFileType = sourcecode.c.h; path = RDSmilData.h; sourceTree = "<group>"; };
		2E3C1CD71B051FBF00F4DCF4 /* RDSmilData.mm */ = {isa = PBXFileReference; fileEncoding = 4; lastKnownFileType = sourcecode.cpp.objcpp; path = RDSmilData.mm; sourceTree = "<group>"; };
		2E3C1CD81B051FBF00F4DCF4 /* RDSpineItem.h */ = {isa = PBXFileReference; fileEncoding = 4; lastKnownFileType = sourcecode.c.h; path = RDSpineItem.h; sourceTree = "<group>"; };
		2E3C1CD91B051FBF00F4DCF4 /* RDSpineItem.mm */ = {isa = PBXFileReference; fileEncoding = 4; lastKnownFileType = sourcecode.cpp.objcpp; path = RDSpineItem.mm; sourceTree = "<group>"; };
		2E3C1CDE1B051FBF00F4DCF4 /* DDData.h */ = {isa = PBXFileReference; fileEncoding = 4; lastKnownFileType = sourcecode.c.h; path = DDData.h; sourceTree = "<group>"; };
		2E3C1CDF1B051FBF00F4DCF4 /* DDData.m */ = {isa = PBXFileReference; fileEncoding = 4; lastKnownFileType = sourcecode.c.objc; path = DDData.m; sourceTree = "<group>"; };
		2E3C1CE01B051FBF00F4DCF4 /* DDNumber.h */ = {isa = PBXFileReference; fileEncoding = 4; lastKnownFileType = sourcecode.c.h; path = DDNumber.h; sourceTree = "<group>"; };
		2E3C1CE11B051FBF00F4DCF4 /* DDNumber.m */ = {isa = PBXFileReference; fileEncoding = 4; lastKnownFileType = sourcecode.c.objc; path = DDNumber.m; sourceTree = "<group>"; };
		2E3C1CE21B051FBF00F4DCF4 /* DDRange.h */ = {isa = PBXFileReference; fileEncoding = 4; lastKnownFileType = sourcecode.c.h; path = DDRange.h; sourceTree = "<group>"; };
		2E3C1CE31B051FBF00F4DCF4 /* DDRange.m */ = {isa = PBXFileReference; fileEncoding = 4; lastKnownFileType = sourcecode.c.objc; path = DDRange.m; sourceTree = "<group>"; };
		2E3C1CE41B051FBF00F4DCF4 /* HTTPAuthenticationRequest.h */ = {isa = PBXFileReference; fileEncoding = 4; lastKnownFileType = sourcecode.c.h; path = HTTPAuthenticationRequest.h; sourceTree = "<group>"; };
		2E3C1CE51B051FBF00F4DCF4 /* HTTPAuthenticationRequest.m */ = {isa = PBXFileReference; fileEncoding = 4; lastKnownFileType = sourcecode.c.objc; path = HTTPAuthenticationRequest.m; sourceTree = "<group>"; };
		2E3C1CE61B051FBF00F4DCF4 /* HTTPConnection.h */ = {isa = PBXFileReference; fileEncoding = 4; lastKnownFileType = sourcecode.c.h; path = HTTPConnection.h; sourceTree = "<group>"; };
		2E3C1CE71B051FBF00F4DCF4 /* HTTPConnection.m */ = {isa = PBXFileReference; fileEncoding = 4; lastKnownFileType = sourcecode.c.objc; path = HTTPConnection.m; sourceTree = "<group>"; };
		2E3C1CE81B051FBF00F4DCF4 /* HTTPLogging.h */ = {isa = PBXFileReference; fileEncoding = 4; lastKnownFileType = sourcecode.c.h; path = HTTPLogging.h; sourceTree = "<group>"; };
		2E3C1CE91B051FBF00F4DCF4 /* HTTPMessage.h */ = {isa = PBXFileReference; fileEncoding = 4; lastKnownFileType = sourcecode.c.h; path = HTTPMessage.h; sourceTree = "<group>"; };
		2E3C1CEA1B051FBF00F4DCF4 /* HTTPMessage.m */ = {isa = PBXFileReference; fileEncoding = 4; lastKnownFileType = sourcecode.c.objc; path = HTTPMessage.m; sourceTree = "<group>"; };
		2E3C1CEB1B051FBF00F4DCF4 /* HTTPResponse.h */ = {isa = PBXFileReference; fileEncoding = 4; lastKnownFileType = sourcecode.c.h; path = HTTPResponse.h; sourceTree = "<group>"; };
		2E3C1CEC1B051FBF00F4DCF4 /* HTTPServer.h */ = {isa = PBXFileReference; fileEncoding = 4; lastKnownFileType = sourcecode.c.h; path = HTTPServer.h; sourceTree = "<group>"; };
		2E3C1CED1B051FBF00F4DCF4 /* HTTPServer.m */ = {isa = PBXFileReference; fileEncoding = 4; lastKnownFileType = sourcecode.c.objc; path = HTTPServer.m; sourceTree = "<group>"; };
		2E3C1CEF1B051FBF00F4DCF4 /* MultipartFormDataParser.h */ = {isa = PBXFileReference; fileEncoding = 4; lastKnownFileType = sourcecode.c.h; path = MultipartFormDataParser.h; sourceTree = "<group>"; };
		2E3C1CF01B051FBF00F4DCF4 /* MultipartFormDataParser.m */ = {isa = PBXFileReference; fileEncoding = 4; lastKnownFileType = sourcecode.c.objc; path = MultipartFormDataParser.m; sourceTree = "<group>"; };
		2E3C1CF11B051FBF00F4DCF4 /* MultipartMessageHeader.h */ = {isa = PBXFileReference; fileEncoding = 4; lastKnownFileType = sourcecode.c.h; path = MultipartMessageHeader.h; sourceTree = "<group>"; };
		2E3C1CF21B051FBF00F4DCF4 /* MultipartMessageHeader.m */ = {isa = PBXFileReference; fileEncoding = 4; lastKnownFileType = sourcecode.c.objc; path = MultipartMessageHeader.m; sourceTree = "<group>"; };
		2E3C1CF31B051FBF00F4DCF4 /* MultipartMessageHeaderField.h */ = {isa = PBXFileReference; fileEncoding = 4; lastKnownFileType = sourcecode.c.h; path = MultipartMessageHeaderField.h; sourceTree = "<group>"; };
		2E3C1CF41B051FBF00F4DCF4 /* MultipartMessageHeaderField.m */ = {isa = PBXFileReference; fileEncoding = 4; lastKnownFileType = sourcecode.c.objc; path = MultipartMessageHeaderField.m; sourceTree = "<group>"; };
		2E3C1CF61B051FBF00F4DCF4 /* HTTPAsyncFileResponse.h */ = {isa = PBXFileReference; fileEncoding = 4; lastKnownFileType = sourcecode.c.h; path = HTTPAsyncFileResponse.h; sourceTree = "<group>"; };
		2E3C1CF71B051FBF00F4DCF4 /* HTTPAsyncFileResponse.m */ = {isa = PBXFileReference; fileEncoding = 4; lastKnownFileType = sourcecode.c.objc; path = HTTPAsyncFileResponse.m; sourceTree = "<group>"; };
		2E3C1CF81B051FBF00F4DCF4 /* HTTPDataResponse.h */ = {isa = PBXFileReference; fileEncoding = 4; lastKnownFileType = sourcecode.c.h; path = HTTPDataResponse.h; sourceTree = "<group>"; };
		2E3C1CF91B051FBF00F4DCF4 /* HTTPDataResponse.m */ = {isa = PBXFileReference; fileEncoding = 4; lastKnownFileType = sourcecode.c.objc; path = HTTPDataResponse.m; sourceTree = "<group>"; };
		2E3C1CFA1B051FBF00F4DCF4 /* HTTPDynamicFileResponse.h */ = {isa = PBXFileReference; fileEncoding = 4; lastKnownFileType = sourcecode.c.h; path = HTTPDynamicFileResponse.h; sourceTree = "<group>"; };
		2E3C1CFB1B051FBF00F4DCF4 /* HTTPDynamicFileResponse.m */ = {isa = PBXFileReference; fileEncoding = 4; lastKnownFileType = sourcecode.c.objc; path = HTTPDynamicFileResponse.m; sourceTree = "<group>"; };
		2E3C1CFC1B051FBF00F4DCF4 /* HTTPErrorResponse.h */ = {isa = PBXFileReference; fileEncoding = 4; lastKnownFileType = sourcecode.c.h; path = HTTPErrorResponse.h; sourceTree = "<group>"; };
		2E3C1CFD1B051FBF00F4DCF4 /* HTTPErrorResponse.m */ = {isa = PBXFileReference; fileEncoding = 4; lastKnownFileType = sourcecode.c.objc; path = HTTPErrorResponse.m; sourceTree = "<group>"; };
		2E3C1CFE1B051FBF00F4DCF4 /* HTTPFileResponse.h */ = {isa = PBXFileReference; fileEncoding = 4; lastKnownFileType = sourcecode.c.h; path = HTTPFileResponse.h; sourceTree = "<group>"; };
		2E3C1CFF1B051FBF00F4DCF4 /* HTTPFileResponse.m */ = {isa = PBXFileReference; fileEncoding = 4; lastKnownFileType = sourcecode.c.objc; path = HTTPFileResponse.m; sourceTree = "<group>"; };
		2E3C1D001B051FBF00F4DCF4 /* HTTPRedirectResponse.h */ = {isa = PBXFileReference; fileEncoding = 4; lastKnownFileType = sourcecode.c.h; path = HTTPRedirectResponse.h; sourceTree = "<group>"; };
		2E3C1D011B051FBF00F4DCF4 /* HTTPRedirectResponse.m */ = {isa = PBXFileReference; fileEncoding = 4; lastKnownFileType = sourcecode.c.objc; path = HTTPRedirectResponse.m; sourceTree = "<group>"; };
		2E3C1D021B051FBF00F4DCF4 /* WebSocket.h */ = {isa = PBXFileReference; fileEncoding = 4; lastKnownFileType = sourcecode.c.h; path = WebSocket.h; sourceTree = "<group>"; };
		2E3C1D031B051FBF00F4DCF4 /* WebSocket.m */ = {isa = PBXFileReference; fileEncoding = 4; lastKnownFileType = sourcecode.c.objc; path = WebSocket.m; sourceTree = "<group>"; };
		2E3C1D061B051FBF00F4DCF4 /* About.txt */ = {isa = PBXFileReference; fileEncoding = 4; lastKnownFileType = text; path = About.txt; sourceTree = "<group>"; };
		2E3C1D071B051FBF00F4DCF4 /* GCDAsyncSocket.h */ = {isa = PBXFileReference; fileEncoding = 4; lastKnownFileType = sourcecode.c.h; path = GCDAsyncSocket.h; sourceTree = "<group>"; };
		2E3C1D081B051FBF00F4DCF4 /* GCDAsyncSocket.m */ = {isa = PBXFileReference; fileEncoding = 4; lastKnownFileType = sourcecode.c.objc; path = GCDAsyncSocket.m; sourceTree = "<group>"; };
		2E3C1D0A1B051FBF00F4DCF4 /* About.txt */ = {isa = PBXFileReference; fileEncoding = 4; lastKnownFileType = text; path = About.txt; sourceTree = "<group>"; };
		2E3C1D0B1B051FBF00F4DCF4 /* DDAbstractDatabaseLogger.h */ = {isa = PBXFileReference; fileEncoding = 4; lastKnownFileType = sourcecode.c.h; path = DDAbstractDatabaseLogger.h; sourceTree = "<group>"; };
		2E3C1D0C1B051FBF00F4DCF4 /* DDAbstractDatabaseLogger.m */ = {isa = PBXFileReference; fileEncoding = 4; lastKnownFileType = sourcecode.c.objc; path = DDAbstractDatabaseLogger.m; sourceTree = "<group>"; };
		2E3C1D0D1B051FBF00F4DCF4 /* DDASLLogger.h */ = {isa = PBXFileReference; fileEncoding = 4; lastKnownFileType = sourcecode.c.h; path = DDASLLogger.h; sourceTree = "<group>"; };
		2E3C1D0E1B051FBF00F4DCF4 /* DDASLLogger.m */ = {isa = PBXFileReference; fileEncoding = 4; lastKnownFileType = sourcecode.c.objc; path = DDASLLogger.m; sourceTree = "<group>"; };
		2E3C1D0F1B051FBF00F4DCF4 /* DDFileLogger.h */ = {isa = PBXFileReference; fileEncoding = 4; lastKnownFileType = sourcecode.c.h; path = DDFileLogger.h; sourceTree = "<group>"; };
		2E3C1D101B051FBF00F4DCF4 /* DDFileLogger.m */ = {isa = PBXFileReference; fileEncoding = 4; lastKnownFileType = sourcecode.c.objc; path = DDFileLogger.m; sourceTree = "<group>"; };
		2E3C1D111B051FBF00F4DCF4 /* DDLog.h */ = {isa = PBXFileReference; fileEncoding = 4; lastKnownFileType = sourcecode.c.h; path = DDLog.h; sourceTree = "<group>"; };
		2E3C1D121B051FBF00F4DCF4 /* DDLog.m */ = {isa = PBXFileReference; fileEncoding = 4; lastKnownFileType = sourcecode.c.objc; path = DDLog.m; sourceTree = "<group>"; };
		2E3C1D131B051FBF00F4DCF4 /* DDTTYLogger.h */ = {isa = PBXFileReference; fileEncoding = 4; lastKnownFileType = sourcecode.c.h; path = DDTTYLogger.h; sourceTree = "<group>"; };
		2E3C1D141B051FBF00F4DCF4 /* DDTTYLogger.m */ = {isa = PBXFileReference; fileEncoding = 4; lastKnownFileType = sourcecode.c.objc; path = DDTTYLogger.m; sourceTree = "<group>"; };
		2E3C1D161B051FBF00F4DCF4 /* ContextFilterLogFormatter.h */ = {isa = PBXFileReference; fileEncoding = 4; lastKnownFileType = sourcecode.c.h; path = ContextFilterLogFormatter.h; sourceTree = "<group>"; };
		2E3C1D171B051FBF00F4DCF4 /* ContextFilterLogFormatter.m */ = {isa = PBXFileReference; fileEncoding = 4; lastKnownFileType = sourcecode.c.objc; path = ContextFilterLogFormatter.m; sourceTree = "<group>"; };
		2E3C1D181B051FBF00F4DCF4 /* DispatchQueueLogFormatter.h */ = {isa = PBXFileReference; fileEncoding = 4; lastKnownFileType = sourcecode.c.h; path = DispatchQueueLogFormatter.h; sourceTree = "<group>"; };
		2E3C1D191B051FBF00F4DCF4 /* DispatchQueueLogFormatter.m */ = {isa = PBXFileReference; fileEncoding = 4; lastKnownFileType = sourcecode.c.objc; path = DispatchQueueLogFormatter.m; sourceTree = "<group>"; };
		2E3C1D1A1B051FBF00F4DCF4 /* README.txt */ = {isa = PBXFileReference; fileEncoding = 4; lastKnownFileType = text; path = README.txt; sourceTree = "<group>"; };
		2E3D56891B01342B00854EC0 /* libxml2.dylib */ = {isa = PBXFileReference; lastKnownFileType = "compiled.mach-o.dylib"; name = libxml2.dylib; path = usr/lib/libxml2.dylib; sourceTree = SDKROOT; };
		2E3D568B1B01343500854EC0 /* libz.dylib */ = {isa = PBXFileReference; lastKnownFileType = "compiled.mach-o.dylib"; name = libz.dylib; path = usr/lib/libz.dylib; sourceTree = SDKROOT; };
		2E407C0C1B0505100098AD0A /* ePub3.xcodeproj */ = {isa = PBXFileReference; lastKnownFileType = "wrapper.pb-project"; name = ePub3.xcodeproj; path = "readium-sdk/Platform/Apple/ePub3.xcodeproj"; sourceTree = "<group>"; };
		2E855CDE1B0A431D00F2DB09 /* ComCentogramReadiumEPubWithURLProxy.h */ = {isa = PBXFileReference; fileEncoding = 4; lastKnownFileType = sourcecode.c.h; path = ComCentogramReadiumEPubWithURLProxy.h; sourceTree = "<group>"; };
		2E855CDF1B0A431D00F2DB09 /* ComCentogramReadiumEPubWithURLProxy.m */ = {isa = PBXFileReference; fileEncoding = 4; lastKnownFileType = sourcecode.c.objc; path = ComCentogramReadiumEPubWithURLProxy.m; sourceTree = "<group>"; };
		2EA9ACF31B01110D00D271CD /* AVFoundation.framework */ = {isa = PBXFileReference; lastKnownFileType = wrapper.framework; name = AVFoundation.framework; path = System/Library/Frameworks/AVFoundation.framework; sourceTree = SDKROOT; };
		2EA9ACF51B01112F00D271CD /* CFNetwork.framework */ = {isa = PBXFileReference; lastKnownFileType = wrapper.framework; name = CFNetwork.framework; path = System/Library/Frameworks/CFNetwork.framework; sourceTree = SDKROOT; };
		2EA9ACF71B01113400D271CD /* CoreGraphics.framework */ = {isa = PBXFileReference; lastKnownFileType = wrapper.framework; name = CoreGraphics.framework; path = System/Library/Frameworks/CoreGraphics.framework; sourceTree = SDKROOT; };
		2EA9ACF91B01115F00D271CD /* MobileCoreServices.framework */ = {isa = PBXFileReference; lastKnownFileType = wrapper.framework; name = MobileCoreServices.framework; path = System/Library/Frameworks/MobileCoreServices.framework; sourceTree = SDKROOT; };
		2EA9ACFA1B01115F00D271CD /* Security.framework */ = {isa = PBXFileReference; lastKnownFileType = wrapper.framework; name = Security.framework; path = System/Library/Frameworks/Security.framework; sourceTree = SDKROOT; };
		2EA9ACFB1B01115F00D271CD /* UIKit.framework */ = {isa = PBXFileReference; lastKnownFileType = wrapper.framework; name = UIKit.framework; path = System/Library/Frameworks/UIKit.framework; sourceTree = SDKROOT; };
		2EF0BC801B027C5700362F5E /* ComCentogramReadiumModule.h */ = {isa = PBXFileReference; fileEncoding = 4; lastKnownFileType = sourcecode.c.h; path = ComCentogramReadiumModule.h; sourceTree = "<group>"; };
		2EF0BC811B027C5700362F5E /* ComCentogramReadiumModule.m */ = {isa = PBXFileReference; fileEncoding = 4; lastKnownFileType = sourcecode.c.objc; path = ComCentogramReadiumModule.m; sourceTree = "<group>"; };
		2EF0BC821B027C5700362F5E /* ComCentogramReadiumModuleAssets.h */ = {isa = PBXFileReference; fileEncoding = 4; lastKnownFileType = sourcecode.c.h; path = ComCentogramReadiumModuleAssets.h; sourceTree = "<group>"; };
		2EF0BC831B027C5700362F5E /* ComCentogramReadiumModuleAssets.m */ = {isa = PBXFileReference; fileEncoding = 4; lastKnownFileType = sourcecode.c.objc; path = ComCentogramReadiumModuleAssets.m; sourceTree = "<group>"; };
		2EF0BC841B027C5700362F5E /* ComCentogramReadiumViewController.h */ = {isa = PBXFileReference; fileEncoding = 4; lastKnownFileType = sourcecode.c.h; path = ComCentogramReadiumViewController.h; sourceTree = "<group>"; };
		2EF0BC851B027C5700362F5E /* ComCentogramReadiumViewController.m */ = {isa = PBXFileReference; fileEncoding = 4; lastKnownFileType = sourcecode.c.objc; path = ComCentogramReadiumViewController.m; sourceTree = "<group>"; };
		2EF0BD491B02803B00362F5E /* ContainerList.h */ = {isa = PBXFileReference; fileEncoding = 4; lastKnownFileType = sourcecode.c.h; path = ContainerList.h; sourceTree = "<group>"; };
		2EF0BD4A1B02803B00362F5E /* ContainerList.m */ = {isa = PBXFileReference; fileEncoding = 4; lastKnownFileType = sourcecode.c.objc; path = ContainerList.m; sourceTree = "<group>"; };
		2EF0BD4F1B02809100362F5E /* BaseViewController.h */ = {isa = PBXFileReference; fileEncoding = 4; lastKnownFileType = sourcecode.c.h; path = BaseViewController.h; sourceTree = "<group>"; };
		2EF0BD501B02809100362F5E /* BaseViewController.m */ = {isa = PBXFileReference; fileEncoding = 4; lastKnownFileType = sourcecode.c.objc; path = BaseViewController.m; sourceTree = "<group>"; };
		2EF0BD581B03957C00362F5E /* ReaderViewController.h */ = {isa = PBXFileReference; fileEncoding = 4; lastKnownFileType = sourcecode.c.h; name = ReaderViewController.h; path = ../ReaderViewController.h; sourceTree = "<group>"; };
		2EF0BD591B03957C00362F5E /* ReaderViewController.m */ = {isa = PBXFileReference; fileEncoding = 4; lastKnownFileType = sourcecode.c.objc; name = ReaderViewController.m; path = ../ReaderViewController.m; sourceTree = "<group>"; };
		2EF0BDD41B03C93700362F5E /* ContainerController.h */ = {isa = PBXFileReference; fileEncoding = 4; lastKnownFileType = sourcecode.c.h; path = ContainerController.h; sourceTree = "<group>"; };
		2EF0BDD51B03C93700362F5E /* ContainerController.m */ = {isa = PBXFileReference; fileEncoding = 4; lastKnownFileType = sourcecode.c.objc; path = ContainerController.m; sourceTree = "<group>"; };
		2EF0BDD61B03C93700362F5E /* BookmarkDatabase.h */ = {isa = PBXFileReference; fileEncoding = 4; lastKnownFileType = sourcecode.c.h; path = BookmarkDatabase.h; sourceTree = "<group>"; };
		2EF0BDD71B03C93700362F5E /* BookmarkDatabase.m */ = {isa = PBXFileReference; fileEncoding = 4; lastKnownFileType = sourcecode.c.objc; path = BookmarkDatabase.m; sourceTree = "<group>"; };
		2EF0BDD81B03C93700362F5E /* BookmarkListController.h */ = {isa = PBXFileReference; fileEncoding = 4; lastKnownFileType = sourcecode.c.h; path = BookmarkListController.h; sourceTree = "<group>"; };
		2EF0BDD91B03C93700362F5E /* BookmarkListController.m */ = {isa = PBXFileReference; fileEncoding = 4; lastKnownFileType = sourcecode.c.objc; path = BookmarkListController.m; sourceTree = "<group>"; };
		2EF0BDDA1B03C93700362F5E /* PackageMetadataController.h */ = {isa = PBXFileReference; fileEncoding = 4; lastKnownFileType = sourcecode.c.h; path = PackageMetadataController.h; sourceTree = "<group>"; };
		2EF0BDDB1B03C93700362F5E /* PackageMetadataController.m */ = {isa = PBXFileReference; fileEncoding = 4; lastKnownFileType = sourcecode.c.objc; path = PackageMetadataController.m; sourceTree = "<group>"; };
		2EF0BDDC1B03C93700362F5E /* SpineItemListController.h */ = {isa = PBXFileReference; fileEncoding = 4; lastKnownFileType = sourcecode.c.h; path = SpineItemListController.h; sourceTree = "<group>"; };
		2EF0BDDD1B03C93700362F5E /* SpineItemListController.m */ = {isa = PBXFileReference; fileEncoding = 4; lastKnownFileType = sourcecode.c.objc; path = SpineItemListController.m; sourceTree = "<group>"; };
		2EF0BDE81B03C96000362F5E /* NavigationElementController.h */ = {isa = PBXFileReference; fileEncoding = 4; lastKnownFileType = sourcecode.c.h; path = NavigationElementController.h; sourceTree = "<group>"; };
		2EF0BDE91B03C96000362F5E /* NavigationElementController.m */ = {isa = PBXFileReference; fileEncoding = 4; lastKnownFileType = sourcecode.c.objc; path = NavigationElementController.m; sourceTree = "<group>"; };
		2EF0BDF41B03CA6600362F5E /* LocStr.h */ = {isa = PBXFileReference; fileEncoding = 4; lastKnownFileType = sourcecode.c.h; path = LocStr.h; sourceTree = "<group>"; };
		2EF0BDF51B03CA6600362F5E /* LocStr.m */ = {isa = PBXFileReference; fileEncoding = 4; lastKnownFileType = sourcecode.c.objc; path = LocStr.m; sourceTree = "<group>"; };
		2EF0BDFA1B03CC6600362F5E /* Bookmark.h */ = {isa = PBXFileReference; fileEncoding = 4; lastKnownFileType = sourcecode.c.h; path = Bookmark.h; sourceTree = "<group>"; };
		2EF0BDFB1B03CC6600362F5E /* Bookmark.m */ = {isa = PBXFileReference; fileEncoding = 4; lastKnownFileType = sourcecode.c.objc; path = Bookmark.m; sourceTree = "<group>"; };
		2EF0BDFE1B03CCF300362F5E /* Settings.h */ = {isa = PBXFileReference; fileEncoding = 4; lastKnownFileType = sourcecode.c.h; path = Settings.h; sourceTree = "<group>"; };
		2EF0BDFF1B03CCF300362F5E /* Settings.m */ = {isa = PBXFileReference; fileEncoding = 4; lastKnownFileType = sourcecode.c.objc; path = Settings.m; sourceTree = "<group>"; };
		2EF0BE021B03CD1B00362F5E /* EPubSettings.h */ = {isa = PBXFileReference; fileEncoding = 4; lastKnownFileType = sourcecode.c.h; path = EPubSettings.h; sourceTree = "<group>"; };
		2EF0BE031B03CD1B00362F5E /* EPubSettings.m */ = {isa = PBXFileReference; fileEncoding = 4; lastKnownFileType = sourcecode.c.objc; path = EPubSettings.m; sourceTree = "<group>"; };
		2EF0BE061B03CDB700362F5E /* EPubSettingsController.h */ = {isa = PBXFileReference; fileEncoding = 4; lastKnownFileType = sourcecode.c.h; path = EPubSettingsController.h; sourceTree = "<group>"; };
		2EF0BE071B03CDB700362F5E /* EPubSettingsController.m */ = {isa = PBXFileReference; fileEncoding = 4; lastKnownFileType = sourcecode.c.objc; path = EPubSettingsController.m; sourceTree = "<group>"; };
		2EF0BE081B03CDB700362F5E /* EPubViewController.h */ = {isa = PBXFileReference; fileEncoding = 4; lastKnownFileType = sourcecode.c.h; path = EPubViewController.h; sourceTree = "<group>"; };
		2EF0BE091B03CDB700362F5E /* EPubViewController.m */ = {isa = PBXFileReference; fileEncoding = 4; lastKnownFileType = sourcecode.c.objc; path = EPubViewController.m; sourceTree = "<group>"; };
		2EF0BE1A1B03CF7200362F5E /* RDSpineItem.h */ = {isa = PBXFileReference; fileEncoding = 4; lastKnownFileType = sourcecode.c.h; path = RDSpineItem.h; sourceTree = "<group>"; };
		2EF0BE1B1B03CF7200362F5E /* RDSpineItem.mm */ = {isa = PBXFileReference; fileEncoding = 4; lastKnownFileType = sourcecode.cpp.objcpp; path = RDSpineItem.mm; sourceTree = "<group>"; };
		2EF0BF211B04E0F400362F5E /* ePub3.dylib */ = {isa = PBXFileReference; lastKnownFileType = "compiled.mach-o.dylib"; name = ePub3.dylib; path = "../../../Git/SDKLauncher-iOS/readium-sdk/Platform/Apple/build/Debug/ePub3.dylib"; sourceTree = "<group>"; };
		2EF0BF261B04E66200362F5E /* NavigationElementItem.h */ = {isa = PBXFileReference; fileEncoding = 4; lastKnownFileType = sourcecode.c.h; path = NavigationElementItem.h; sourceTree = "<group>"; };
		2EF0BF271B04E66200362F5E /* NavigationElementItem.m */ = {isa = PBXFileReference; fileEncoding = 4; lastKnownFileType = sourcecode.c.objc; path = NavigationElementItem.m; sourceTree = "<group>"; };
		AA747D9E0F9514B9006C5449 /* ComCentogramReadium_Prefix.pch */ = {isa = PBXFileReference; fileEncoding = 4; lastKnownFileType = sourcecode.c.h; path = ComCentogramReadium_Prefix.pch; sourceTree = SOURCE_ROOT; };
		AACBBE490F95108600F1A2B1 /* Foundation.framework */ = {isa = PBXFileReference; lastKnownFileType = wrapper.framework; name = Foundation.framework; path = System/Library/Frameworks/Foundation.framework; sourceTree = SDKROOT; };
		D2AAC07E0554694100DB518D /* libComCentogramReadium.a */ = {isa = PBXFileReference; explicitFileType = archive.ar; includeInIndex = 0; path = libComCentogramReadium.a; sourceTree = BUILT_PRODUCTS_DIR; };
/* End PBXFileReference section */

/* Begin PBXFrameworksBuildPhase section */
		D2AAC07C0554694100DB518D /* Frameworks */ = {
			isa = PBXFrameworksBuildPhase;
			buildActionMask = 2147483647;
			files = (
				2E3C1BD71B051B4400F4DCF4 /* libePub3-iOS.a in Frameworks */,
				2E3D568C1B01343500854EC0 /* libz.dylib in Frameworks */,
				2E3D568A1B01342B00854EC0 /* libxml2.dylib in Frameworks */,
				2EA9ACFC1B01115F00D271CD /* MobileCoreServices.framework in Frameworks */,
				2EA9ACFD1B01115F00D271CD /* Security.framework in Frameworks */,
				2EA9ACFE1B01115F00D271CD /* UIKit.framework in Frameworks */,
				2EA9ACF81B01113400D271CD /* CoreGraphics.framework in Frameworks */,
				2EA9ACF61B01112F00D271CD /* CFNetwork.framework in Frameworks */,
				2EA9ACF41B01110D00D271CD /* AVFoundation.framework in Frameworks */,
				AACBBE4A0F95108600F1A2B1 /* Foundation.framework in Frameworks */,
			);
			runOnlyForDeploymentPostprocessing = 0;
		};
/* End PBXFrameworksBuildPhase section */

/* Begin PBXGroup section */
		034768DFFF38A50411DB9C8B /* Products */ = {
			isa = PBXGroup;
			children = (
				D2AAC07E0554694100DB518D /* libComCentogramReadium.a */,
			);
			name = Products;
			sourceTree = "<group>";
		};
		0867D691FE84028FC02AAC07 /* Readium */ = {
			isa = PBXGroup;
			children = (
				2EF0BC7F1B027C5700362F5E /* Classes */,
				32C88DFF0371C24200C91783 /* Other Sources */,
				0867D69AFE84028FC02AAC07 /* Frameworks */,
				034768DFFF38A50411DB9C8B /* Products */,
				2E407C0C1B0505100098AD0A /* ePub3.xcodeproj */,
			);
			name = Readium;
			sourceTree = "<group>";
		};
		0867D69AFE84028FC02AAC07 /* Frameworks */ = {
			isa = PBXGroup;
			children = (
				2EF0BF211B04E0F400362F5E /* ePub3.dylib */,
				2E3D568B1B01343500854EC0 /* libz.dylib */,
				2E3D56891B01342B00854EC0 /* libxml2.dylib */,
				2EA9ACF91B01115F00D271CD /* MobileCoreServices.framework */,
				2EA9ACFA1B01115F00D271CD /* Security.framework */,
				2EA9ACFB1B01115F00D271CD /* UIKit.framework */,
				2EA9ACF71B01113400D271CD /* CoreGraphics.framework */,
				2EA9ACF51B01112F00D271CD /* CFNetwork.framework */,
				2EA9ACF31B01110D00D271CD /* AVFoundation.framework */,
				AACBBE490F95108600F1A2B1 /* Foundation.framework */,
			);
			name = Frameworks;
			sourceTree = "<group>";
		};
		2E3C1CC21B051FBF00F4DCF4 /* RDServices */ = {
			isa = PBXGroup;
			children = (
				2E3C1CC31B051FBF00F4DCF4 /* Main */,
				2E3C1CDA1B051FBF00F4DCF4 /* ThirdParty */,
			);
			path = RDServices;
			sourceTree = "<group>";
		};
		2E3C1CC31B051FBF00F4DCF4 /* Main */ = {
			isa = PBXGroup;
			children = (
				2E3C1CC41B051FBF00F4DCF4 /* RDContainer.h */,
				2E3C1CC51B051FBF00F4DCF4 /* RDContainer.mm */,
				2E3C1CC61B051FBF00F4DCF4 /* RDMediaOverlaysSmilModel.h */,
				2E3C1CC71B051FBF00F4DCF4 /* RDMediaOverlaysSmilModel.mm */,
				2E3C1CC81B051FBF00F4DCF4 /* RDNavigationElement.h */,
				2E3C1CC91B051FBF00F4DCF4 /* RDNavigationElement.mm */,
				2E3C1CCA1B051FBF00F4DCF4 /* RDPackage.h */,
				2E3C1CCB1B051FBF00F4DCF4 /* RDPackage.mm */,
				2E3C1CCC1B051FBF00F4DCF4 /* RDPackageResource.h */,
				2E3C1CCD1B051FBF00F4DCF4 /* RDPackageResource.mm */,
				2E3C1CCE1B051FBF00F4DCF4 /* RDPackageResourceConnection.h */,
				2E3C1CCF1B051FBF00F4DCF4 /* RDPackageResourceConnection.m */,
				2E3C1CD01B051FBF00F4DCF4 /* RDPackageResourceDataResponse.h */,
				2E3C1CD11B051FBF00F4DCF4 /* RDPackageResourceDataResponse.m */,
				2E3C1CD21B051FBF00F4DCF4 /* RDPackageResourceResponse.h */,
				2E3C1CD31B051FBF00F4DCF4 /* RDPackageResourceResponse.m */,
				2E3C1CD41B051FBF00F4DCF4 /* RDPackageResourceServer.h */,
				2E3C1CD51B051FBF00F4DCF4 /* RDPackageResourceServer.m */,
				2E3C1CD61B051FBF00F4DCF4 /* RDSmilData.h */,
				2E3C1CD71B051FBF00F4DCF4 /* RDSmilData.mm */,
				2E3C1CD81B051FBF00F4DCF4 /* RDSpineItem.h */,
				2E3C1CD91B051FBF00F4DCF4 /* RDSpineItem.mm */,
			);
			path = Main;
			sourceTree = "<group>";
		};
		2E3C1CDA1B051FBF00F4DCF4 /* ThirdParty */ = {
			isa = PBXGroup;
			children = (
				2E3C1CDB1B051FBF00F4DCF4 /* CocoaHTTPServer */,
			);
			path = ThirdParty;
			sourceTree = "<group>";
		};
		2E3C1CDB1B051FBF00F4DCF4 /* CocoaHTTPServer */ = {
			isa = PBXGroup;
			children = (
				2E3C1CDC1B051FBF00F4DCF4 /* Core */,
				2E3C1D041B051FBF00F4DCF4 /* Vendor */,
			);
			path = CocoaHTTPServer;
			sourceTree = "<group>";
		};
		2E3C1CDC1B051FBF00F4DCF4 /* Core */ = {
			isa = PBXGroup;
			children = (
				2E3C1CDD1B051FBF00F4DCF4 /* Categories */,
				2E3C1CE41B051FBF00F4DCF4 /* HTTPAuthenticationRequest.h */,
				2E3C1CE51B051FBF00F4DCF4 /* HTTPAuthenticationRequest.m */,
				2E3C1CE61B051FBF00F4DCF4 /* HTTPConnection.h */,
				2E3C1CE71B051FBF00F4DCF4 /* HTTPConnection.m */,
				2E3C1CE81B051FBF00F4DCF4 /* HTTPLogging.h */,
				2E3C1CE91B051FBF00F4DCF4 /* HTTPMessage.h */,
				2E3C1CEA1B051FBF00F4DCF4 /* HTTPMessage.m */,
				2E3C1CEB1B051FBF00F4DCF4 /* HTTPResponse.h */,
				2E3C1CEC1B051FBF00F4DCF4 /* HTTPServer.h */,
				2E3C1CED1B051FBF00F4DCF4 /* HTTPServer.m */,
				2E3C1CEE1B051FBF00F4DCF4 /* Mime */,
				2E3C1CF51B051FBF00F4DCF4 /* Responses */,
				2E3C1D021B051FBF00F4DCF4 /* WebSocket.h */,
				2E3C1D031B051FBF00F4DCF4 /* WebSocket.m */,
			);
			path = Core;
			sourceTree = "<group>";
		};
		2E3C1CDD1B051FBF00F4DCF4 /* Categories */ = {
			isa = PBXGroup;
			children = (
				2E3C1CDE1B051FBF00F4DCF4 /* DDData.h */,
				2E3C1CDF1B051FBF00F4DCF4 /* DDData.m */,
				2E3C1CE01B051FBF00F4DCF4 /* DDNumber.h */,
				2E3C1CE11B051FBF00F4DCF4 /* DDNumber.m */,
				2E3C1CE21B051FBF00F4DCF4 /* DDRange.h */,
				2E3C1CE31B051FBF00F4DCF4 /* DDRange.m */,
			);
			path = Categories;
			sourceTree = "<group>";
		};
		2E3C1CEE1B051FBF00F4DCF4 /* Mime */ = {
			isa = PBXGroup;
			children = (
				2E3C1CEF1B051FBF00F4DCF4 /* MultipartFormDataParser.h */,
				2E3C1CF01B051FBF00F4DCF4 /* MultipartFormDataParser.m */,
				2E3C1CF11B051FBF00F4DCF4 /* MultipartMessageHeader.h */,
				2E3C1CF21B051FBF00F4DCF4 /* MultipartMessageHeader.m */,
				2E3C1CF31B051FBF00F4DCF4 /* MultipartMessageHeaderField.h */,
				2E3C1CF41B051FBF00F4DCF4 /* MultipartMessageHeaderField.m */,
			);
			path = Mime;
			sourceTree = "<group>";
		};
		2E3C1CF51B051FBF00F4DCF4 /* Responses */ = {
			isa = PBXGroup;
			children = (
				2E3C1CF61B051FBF00F4DCF4 /* HTTPAsyncFileResponse.h */,
				2E3C1CF71B051FBF00F4DCF4 /* HTTPAsyncFileResponse.m */,
				2E3C1CF81B051FBF00F4DCF4 /* HTTPDataResponse.h */,
				2E3C1CF91B051FBF00F4DCF4 /* HTTPDataResponse.m */,
				2E3C1CFA1B051FBF00F4DCF4 /* HTTPDynamicFileResponse.h */,
				2E3C1CFB1B051FBF00F4DCF4 /* HTTPDynamicFileResponse.m */,
				2E3C1CFC1B051FBF00F4DCF4 /* HTTPErrorResponse.h */,
				2E3C1CFD1B051FBF00F4DCF4 /* HTTPErrorResponse.m */,
				2E3C1CFE1B051FBF00F4DCF4 /* HTTPFileResponse.h */,
				2E3C1CFF1B051FBF00F4DCF4 /* HTTPFileResponse.m */,
				2E3C1D001B051FBF00F4DCF4 /* HTTPRedirectResponse.h */,
				2E3C1D011B051FBF00F4DCF4 /* HTTPRedirectResponse.m */,
			);
			path = Responses;
			sourceTree = "<group>";
		};
		2E3C1D041B051FBF00F4DCF4 /* Vendor */ = {
			isa = PBXGroup;
			children = (
				2E3C1D051B051FBF00F4DCF4 /* CocoaAsyncSocket */,
				2E3C1D091B051FBF00F4DCF4 /* CocoaLumberjack */,
			);
			path = Vendor;
			sourceTree = "<group>";
		};
		2E3C1D051B051FBF00F4DCF4 /* CocoaAsyncSocket */ = {
			isa = PBXGroup;
			children = (
				2E3C1D061B051FBF00F4DCF4 /* About.txt */,
				2E3C1D071B051FBF00F4DCF4 /* GCDAsyncSocket.h */,
				2E3C1D081B051FBF00F4DCF4 /* GCDAsyncSocket.m */,
			);
			path = CocoaAsyncSocket;
			sourceTree = "<group>";
		};
		2E3C1D091B051FBF00F4DCF4 /* CocoaLumberjack */ = {
			isa = PBXGroup;
			children = (
				2E3C1D0A1B051FBF00F4DCF4 /* About.txt */,
				2E3C1D0B1B051FBF00F4DCF4 /* DDAbstractDatabaseLogger.h */,
				2E3C1D0C1B051FBF00F4DCF4 /* DDAbstractDatabaseLogger.m */,
				2E3C1D0D1B051FBF00F4DCF4 /* DDASLLogger.h */,
				2E3C1D0E1B051FBF00F4DCF4 /* DDASLLogger.m */,
				2E3C1D0F1B051FBF00F4DCF4 /* DDFileLogger.h */,
				2E3C1D101B051FBF00F4DCF4 /* DDFileLogger.m */,
				2E3C1D111B051FBF00F4DCF4 /* DDLog.h */,
				2E3C1D121B051FBF00F4DCF4 /* DDLog.m */,
				2E3C1D131B051FBF00F4DCF4 /* DDTTYLogger.h */,
				2E3C1D141B051FBF00F4DCF4 /* DDTTYLogger.m */,
				2E3C1D151B051FBF00F4DCF4 /* Extensions */,
			);
			path = CocoaLumberjack;
			sourceTree = "<group>";
		};
		2E3C1D151B051FBF00F4DCF4 /* Extensions */ = {
			isa = PBXGroup;
			children = (
				2E3C1D161B051FBF00F4DCF4 /* ContextFilterLogFormatter.h */,
				2E3C1D171B051FBF00F4DCF4 /* ContextFilterLogFormatter.m */,
				2E3C1D181B051FBF00F4DCF4 /* DispatchQueueLogFormatter.h */,
				2E3C1D191B051FBF00F4DCF4 /* DispatchQueueLogFormatter.m */,
				2E3C1D1A1B051FBF00F4DCF4 /* README.txt */,
			);
			path = Extensions;
			sourceTree = "<group>";
		};
		2E3C1DCE1B0522F800F4DCF4 /* Main */ = {
			isa = PBXGroup;
			children = (
				2EF0BDF41B03CA6600362F5E /* LocStr.h */,
				2EF0BDF51B03CA6600362F5E /* LocStr.m */,
				2EF0BD4F1B02809100362F5E /* BaseViewController.h */,
				2EF0BDD41B03C93700362F5E /* ContainerController.h */,
				2EF0BE021B03CD1B00362F5E /* EPubSettings.h */,
				2EF0BE031B03CD1B00362F5E /* EPubSettings.m */,
				2EF0BE061B03CDB700362F5E /* EPubSettingsController.h */,
				2EF0BE071B03CDB700362F5E /* EPubSettingsController.m */,
				2EF0BE081B03CDB700362F5E /* EPubViewController.h */,
				2EF0BE091B03CDB700362F5E /* EPubViewController.m */,
				2EF0BDD51B03C93700362F5E /* ContainerController.m */,
				2EF0BDFE1B03CCF300362F5E /* Settings.h */,
				2EF0BDFF1B03CCF300362F5E /* Settings.m */,
				2EF0BDFA1B03CC6600362F5E /* Bookmark.h */,
				2EF0BDFB1B03CC6600362F5E /* Bookmark.m */,
				2EF0BDD61B03C93700362F5E /* BookmarkDatabase.h */,
				2EF0BDD71B03C93700362F5E /* BookmarkDatabase.m */,
				2EF0BE1A1B03CF7200362F5E /* RDSpineItem.h */,
				2EF0BE1B1B03CF7200362F5E /* RDSpineItem.mm */,
				2EF0BDD81B03C93700362F5E /* BookmarkListController.h */,
				2EF0BDD91B03C93700362F5E /* BookmarkListController.m */,
				2EF0BDDA1B03C93700362F5E /* PackageMetadataController.h */,
				2EF0BDDB1B03C93700362F5E /* PackageMetadataController.m */,
				2EF0BDDC1B03C93700362F5E /* SpineItemListController.h */,
				2EF0BDDD1B03C93700362F5E /* SpineItemListController.m */,
				2EF0BD581B03957C00362F5E /* ReaderViewController.h */,
				2EF0BD591B03957C00362F5E /* ReaderViewController.m */,
				2EF0BD501B02809100362F5E /* BaseViewController.m */,
				2EF0BD491B02803B00362F5E /* ContainerList.h */,
				2EF0BD4A1B02803B00362F5E /* ContainerList.m */,
				2EF0BF261B04E66200362F5E /* NavigationElementItem.h */,
				2EF0BF271B04E66200362F5E /* NavigationElementItem.m */,
				2EF0BDE81B03C96000362F5E /* NavigationElementController.h */,
				2EF0BDE91B03C96000362F5E /* NavigationElementController.m */,
			);
			name = Main;
			sourceTree = "<group>";
		};
		2E407C0D1B0505100098AD0A /* Products */ = {
			isa = PBXGroup;
			children = (
				2E407C131B0505100098AD0A /* ePub3.dylib */,
				2E407C151B0505100098AD0A /* libePub3-iOS.a */,
				2E407C171B0505100098AD0A /* UnitTests */,
			);
			name = Products;
			sourceTree = "<group>";
		};
		2E855CD51B0A2EFD00F2DB09 /* Appcelerator Classes */ = {
			isa = PBXGroup;
			children = (
				2EF0BC801B027C5700362F5E /* ComCentogramReadiumModule.h */,
				2EF0BC811B027C5700362F5E /* ComCentogramReadiumModule.m */,
				2EF0BC821B027C5700362F5E /* ComCentogramReadiumModuleAssets.h */,
				2EF0BC831B027C5700362F5E /* ComCentogramReadiumModuleAssets.m */,
				2EF0BC841B027C5700362F5E /* ComCentogramReadiumViewController.h */,
				2EF0BC851B027C5700362F5E /* ComCentogramReadiumViewController.m */,
				2E855CDE1B0A431D00F2DB09 /* ComCentogramReadiumEPubWithURLProxy.h */,
				2E855CDF1B0A431D00F2DB09 /* ComCentogramReadiumEPubWithURLProxy.m */,
			);
			name = "Appcelerator Classes";
			sourceTree = "<group>";
		};
		2EF0BC7F1B027C5700362F5E /* Classes */ = {
			isa = PBXGroup;
			children = (
				2E855CD51B0A2EFD00F2DB09 /* Appcelerator Classes */,
				2E3C1DCE1B0522F800F4DCF4 /* Main */,
				2E3C1CC21B051FBF00F4DCF4 /* RDServices */,
			);
			path = Classes;
			sourceTree = "<group>";
		};
		32C88DFF0371C24200C91783 /* Other Sources */ = {
			isa = PBXGroup;
			children = (
				AA747D9E0F9514B9006C5449 /* ComCentogramReadium_Prefix.pch */,
				24DD6D1B1134B66800162E58 /* titanium.xcconfig */,
			);
			name = "Other Sources";
			sourceTree = "<group>";
		};
/* End PBXGroup section */

/* Begin PBXHeadersBuildPhase section */
		D2AAC07A0554694100DB518D /* Headers */ = {
			isa = PBXHeadersBuildPhase;
			buildActionMask = 2147483647;
			files = (
				2E3C1DD21B05236100F4DCF4 /* ComCentogramReadiumModule.m in Headers */,
				2E3C1DD31B05236100F4DCF4 /* ComCentogramReadiumModuleAssets.h in Headers */,
				2E3C1DD41B05236100F4DCF4 /* ComCentogramReadiumModuleAssets.m in Headers */,
				2E3C1DD51B05236100F4DCF4 /* ComCentogramReadiumViewController.m in Headers */,
				2EF0BC861B027C5700362F5E /* ComCentogramReadiumModule.h in Headers */,
				2EF0BC8A1B027C5700362F5E /* ComCentogramReadiumViewController.h in Headers */,
				2E855CE01B0A431D00F2DB09 /* ComCentogramReadiumEPubWithURLProxy.h in Headers */,
				2EF0BD5A1B03957C00362F5E /* ReaderViewController.h in Headers */,
			);
			runOnlyForDeploymentPostprocessing = 0;
		};
/* End PBXHeadersBuildPhase section */

/* Begin PBXNativeTarget section */
		D2AAC07D0554694100DB518D /* Readium */ = {
			isa = PBXNativeTarget;
			buildConfigurationList = 1DEB921E08733DC00010E9CD /* Build configuration list for PBXNativeTarget "Readium" */;
			buildPhases = (
				D2AAC07A0554694100DB518D /* Headers */,
				D2AAC07B0554694100DB518D /* Sources */,
				D2AAC07C0554694100DB518D /* Frameworks */,
				2EF0BF141B04DE9600362F5E /* ShellScript */,
			);
			buildRules = (
			);
			dependencies = (
				2E407C191B0505180098AD0A /* PBXTargetDependency */,
			);
			name = Readium;
			productName = Readium;
			productReference = D2AAC07E0554694100DB518D /* libComCentogramReadium.a */;
			productType = "com.apple.product-type.library.static";
		};
/* End PBXNativeTarget section */

/* Begin PBXProject section */
		0867D690FE84028FC02AAC07 /* Project object */ = {
			isa = PBXProject;
			attributes = {
				LastUpgradeCheck = 0600;
			};
			buildConfigurationList = 1DEB922208733DC00010E9CD /* Build configuration list for PBXProject "Readium" */;
			compatibilityVersion = "Xcode 3.2";
			developmentRegion = English;
			hasScannedForEncodings = 1;
			knownRegions = (
				English,
				Japanese,
				French,
				German,
				en,
				Base,
			);
			mainGroup = 0867D691FE84028FC02AAC07 /* Readium */;
			productRefGroup = 034768DFFF38A50411DB9C8B /* Products */;
			projectDirPath = "";
			projectReferences = (
				{
					ProductGroup = 2E407C0D1B0505100098AD0A /* Products */;
					ProjectRef = 2E407C0C1B0505100098AD0A /* ePub3.xcodeproj */;
				},
			);
			projectRoot = "";
			targets = (
				D2AAC07D0554694100DB518D /* Readium */,
				24416B8111C4CA220047AFDD /* Build & Test */,
			);
		};
/* End PBXProject section */

/* Begin PBXReferenceProxy section */
		2E407C131B0505100098AD0A /* ePub3.dylib */ = {
			isa = PBXReferenceProxy;
			fileType = "compiled.mach-o.dylib";
			path = ePub3.dylib;
			remoteRef = 2E407C121B0505100098AD0A /* PBXContainerItemProxy */;
			sourceTree = BUILT_PRODUCTS_DIR;
		};
		2E407C151B0505100098AD0A /* libePub3-iOS.a */ = {
			isa = PBXReferenceProxy;
			fileType = archive.ar;
			path = "libePub3-iOS.a";
			remoteRef = 2E407C141B0505100098AD0A /* PBXContainerItemProxy */;
			sourceTree = BUILT_PRODUCTS_DIR;
		};
		2E407C171B0505100098AD0A /* UnitTests */ = {
			isa = PBXReferenceProxy;
			fileType = "compiled.mach-o.executable";
			path = UnitTests;
			remoteRef = 2E407C161B0505100098AD0A /* PBXContainerItemProxy */;
			sourceTree = BUILT_PRODUCTS_DIR;
		};
/* End PBXReferenceProxy section */

/* Begin PBXShellScriptBuildPhase section */
		24416B8011C4CA220047AFDD /* ShellScript */ = {
			isa = PBXShellScriptBuildPhase;
			buildActionMask = 2147483647;
			files = (
			);
			inputPaths = (
			);
			outputPaths = (
			);
			runOnlyForDeploymentPostprocessing = 0;
			shellPath = /bin/sh;
			shellScript = "# shell script goes here\n\npython \"${TITANIUM_SDK}/titanium.py\" run --dir=\"${PROJECT_DIR}\"\nexit $?\n";
		};
		2EF0BF141B04DE9600362F5E /* ShellScript */ = {
			isa = PBXShellScriptBuildPhase;
			buildActionMask = 2147483647;
			files = (
			);
			inputPaths = (
			);
			outputPaths = (
			);
			runOnlyForDeploymentPostprocessing = 0;
			shellPath = /bin/sh;
			shellScript = "";
		};
/* End PBXShellScriptBuildPhase section */

/* Begin PBXSourcesBuildPhase section */
		D2AAC07B0554694100DB518D /* Sources */ = {
			isa = PBXSourcesBuildPhase;
			buildActionMask = 2147483647;
			files = (
				2EF0BE0B1B03CDB700362F5E /* EPubSettingsController.m in Sources */,
				2E3C1D1C1B051FBF00F4DCF4 /* RDContainer.mm in Sources */,
				2EF0BC8B1B027C5700362F5E /* ComCentogramReadiumViewController.m in Sources */,
				2E3C1D381B051FBF00F4DCF4 /* HTTPAuthenticationRequest.m in Sources */,
				2E3C1D321B051FBF00F4DCF4 /* DDData.m in Sources */,
				2E3C1D221B051FBF00F4DCF4 /* RDPackage.mm in Sources */,
				2E3C1D1E1B051FBF00F4DCF4 /* RDMediaOverlaysSmilModel.mm in Sources */,
				2EF0BD4E1B02803B00362F5E /* ContainerList.m in Sources */,
				2EF0BDFD1B03CC6600362F5E /* Bookmark.m in Sources */,
				2EF0BE1D1B03CF7200362F5E /* RDSpineItem.mm in Sources */,
				2E3C1D4A1B051FBF00F4DCF4 /* HTTPDataResponse.m in Sources */,
				2E3C1D541B051FBF00F4DCF4 /* WebSocket.m in Sources */,
				2E3C1D621B051FBF00F4DCF4 /* DDTTYLogger.m in Sources */,
				2EF0BDE51B03C93700362F5E /* PackageMetadataController.m in Sources */,
				2E3C1D361B051FBF00F4DCF4 /* DDRange.m in Sources */,
				2E3C1D2E1B051FBF00F4DCF4 /* RDSmilData.mm in Sources */,
				2EF0BE051B03CD1B00362F5E /* EPubSettings.m in Sources */,
				2E3C1D601B051FBF00F4DCF4 /* DDLog.m in Sources */,
				2EF0BC871B027C5700362F5E /* ComCentogramReadiumModule.m in Sources */,
				2E3C1D501B051FBF00F4DCF4 /* HTTPFileResponse.m in Sources */,
				2E3C1D2C1B051FBF00F4DCF4 /* RDPackageResourceServer.m in Sources */,
				2E3C1D641B051FBF00F4DCF4 /* ContextFilterLogFormatter.m in Sources */,
				2E3C1D3A1B051FBF00F4DCF4 /* HTTPConnection.m in Sources */,
				2EF0BE011B03CCF300362F5E /* Settings.m in Sources */,
				2E3C1D201B051FBF00F4DCF4 /* RDNavigationElement.mm in Sources */,
				2E3C1D261B051FBF00F4DCF4 /* RDPackageResourceConnection.m in Sources */,
				2E3C1D661B051FBF00F4DCF4 /* DispatchQueueLogFormatter.m in Sources */,
				2E3C1D521B051FBF00F4DCF4 /* HTTPRedirectResponse.m in Sources */,
				2E3C1D2A1B051FBF00F4DCF4 /* RDPackageResourceResponse.m in Sources */,
				2E3C1D441B051FBF00F4DCF4 /* MultipartMessageHeader.m in Sources */,
				2EF0BC891B027C5700362F5E /* ComCentogramReadiumModuleAssets.m in Sources */,
				2E3C1D4C1B051FBF00F4DCF4 /* HTTPDynamicFileResponse.m in Sources */,
				2EF0BE0D1B03CDB700362F5E /* EPubViewController.m in Sources */,
				2E3C1D301B051FBF00F4DCF4 /* RDSpineItem.mm in Sources */,
				2EF0BDF71B03CA6600362F5E /* LocStr.m in Sources */,
				2EF0BD5B1B03957C00362F5E /* ReaderViewController.m in Sources */,
				2E3C1D421B051FBF00F4DCF4 /* MultipartFormDataParser.m in Sources */,
				2E3C1D4E1B051FBF00F4DCF4 /* HTTPErrorResponse.m in Sources */,
				2EF0BDE11B03C93700362F5E /* BookmarkDatabase.m in Sources */,
				2EF0BDE71B03C93700362F5E /* SpineItemListController.m in Sources */,
				2EF0BF291B04E66200362F5E /* NavigationElementItem.m in Sources */,
				2E3C1D5C1B051FBF00F4DCF4 /* DDASLLogger.m in Sources */,
				2E3C1D481B051FBF00F4DCF4 /* HTTPAsyncFileResponse.m in Sources */,
				2E3C1D5E1B051FBF00F4DCF4 /* DDFileLogger.m in Sources */,
				2E3C1D571B051FBF00F4DCF4 /* GCDAsyncSocket.m in Sources */,
				2E3C1D401B051FBF00F4DCF4 /* HTTPServer.m in Sources */,
				2E3C1D5A1B051FBF00F4DCF4 /* DDAbstractDatabaseLogger.m in Sources */,
				2E3C1D241B051FBF00F4DCF4 /* RDPackageResource.mm in Sources */,
				2EF0BDE31B03C93700362F5E /* BookmarkListController.m in Sources */,
				2EF0BDEB1B03C96000362F5E /* NavigationElementController.m in Sources */,
				2E3C1D341B051FBF00F4DCF4 /* DDNumber.m in Sources */,
				2E855CE11B0A431D00F2DB09 /* ComCentogramReadiumEPubWithURLProxy.m in Sources */,
				2E3C1D281B051FBF00F4DCF4 /* RDPackageResourceDataResponse.m in Sources */,
				2E3C1D3D1B051FBF00F4DCF4 /* HTTPMessage.m in Sources */,
				2EF0BD521B02809100362F5E /* BaseViewController.m in Sources */,
				2E3C1D461B051FBF00F4DCF4 /* MultipartMessageHeaderField.m in Sources */,
				2EF0BDDF1B03C93700362F5E /* ContainerController.m in Sources */,
			);
			runOnlyForDeploymentPostprocessing = 0;
		};
/* End PBXSourcesBuildPhase section */

/* Begin PBXTargetDependency section */
		24416B8511C4CA280047AFDD /* PBXTargetDependency */ = {
			isa = PBXTargetDependency;
			target = D2AAC07D0554694100DB518D /* Readium */;
			targetProxy = 24416B8411C4CA280047AFDD /* PBXContainerItemProxy */;
		};
		2E407C191B0505180098AD0A /* PBXTargetDependency */ = {
			isa = PBXTargetDependency;
			name = "ePub3-iOS";
			targetProxy = 2E407C181B0505180098AD0A /* PBXContainerItemProxy */;
		};
/* End PBXTargetDependency section */

/* Begin XCBuildConfiguration section */
		1DEB921F08733DC00010E9CD /* Debug */ = {
			isa = XCBuildConfiguration;
			baseConfigurationReference = 24DD6D1B1134B66800162E58 /* titanium.xcconfig */;
			buildSettings = {
				ALWAYS_SEARCH_USER_PATHS = NO;
				CLANG_CXX_LANGUAGE_STANDARD = "gnu++0x";
				CLANG_CXX_LIBRARY = "libc++";
				CLANG_ENABLE_MODULES = YES;
				CLANG_ENABLE_OBJC_ARC = YES;
				CLANG_WARN_BOOL_CONVERSION = YES;
				CLANG_WARN_CONSTANT_CONVERSION = YES;
				CLANG_WARN_DIRECT_OBJC_ISA_USAGE = YES_ERROR;
				CLANG_WARN_EMPTY_BODY = YES;
				CLANG_WARN_ENUM_CONVERSION = YES;
				CLANG_WARN_INT_CONVERSION = YES;
				CLANG_WARN_OBJC_ROOT_CLASS = YES_ERROR;
				CLANG_WARN_UNREACHABLE_CODE = YES;
				CLANG_WARN__DUPLICATE_METHOD_MATCH = YES;
				CODE_SIGN_IDENTITY = "iPhone Developer";
				"CODE_SIGN_IDENTITY[sdk=iphoneos*]" = "iPhone Developer";
				DSTROOT = /tmp/ComCentogramReadium.dst;
				ENABLE_STRICT_OBJC_MSGSEND = YES;
				GCC_C_LANGUAGE_STANDARD = gnu99;
				GCC_OPTIMIZATION_LEVEL = 0;
				GCC_PRECOMPILE_PREFIX_HEADER = YES;
				GCC_PREFIX_HEADER = ComCentogramReadium_Prefix.pch;
				GCC_PREPROCESSOR_DEFINITIONS = "TI_VERSION=$(TI_VERSION)";
				GCC_TREAT_WARNINGS_AS_ERRORS = NO;
				GCC_VERSION = "";
				GCC_WARN_64_TO_32_BIT_CONVERSION = YES;
				GCC_WARN_ABOUT_RETURN_TYPE = YES_ERROR;
				GCC_WARN_MISSING_PARENTHESES = YES;
				GCC_WARN_SHADOW = NO;
				GCC_WARN_STRICT_SELECTOR_MATCH = NO;
				GCC_WARN_UNDECLARED_SELECTOR = YES;
				GCC_WARN_UNINITIALIZED_AUTOS = YES_AGGRESSIVE;
				GCC_WARN_UNUSED_FUNCTION = YES;
				GCC_WARN_UNUSED_PARAMETER = NO;
				GCC_WARN_UNUSED_VALUE = YES;
				GCC_WARN_UNUSED_VARIABLE = YES;
				HEADER_SEARCH_PATHS = (
					"$(TITANIUM_BASE_SDK3)",
					"$(TITANIUM_BASE_SDK)",
					"$(TITANIUM_BASE_SDK2)",
					"${SDKROOT}/usr/include/libxml2",
					"${PROJECT_DIR}/readium-sdk/Platform/Apple/include",
				);
				INSTALL_GROUP = "$(GROUP)";
				INSTALL_PATH = /usr/local/lib;
				IPHONEOS_DEPLOYMENT_TARGET = 8.1;
				LD_RUNPATH_SEARCH_PATHS = "$(inherited) @executable_path/Frameworks";
				LIBRARY_SEARCH_PATHS = "";
				MACH_O_TYPE = staticlib;
				OTHER_CFLAGS = (
					"-DDEBUG",
					"-DTI_POST_1_2",
				);
				OTHER_LDFLAGS = "-ObjC";
				PRIVATE_HEADERS_FOLDER_PATH = /usr/local/include;
				PRODUCT_NAME = ComCentogramReadium;
				PROVISIONING_PROFILE = "";
				"PROVISIONING_PROFILE[sdk=iphoneos*]" = "";
				RUN_CLANG_STATIC_ANALYZER = NO;
				SDKROOT = iphoneos;
				STRIP_STYLE = all;
				USER_HEADER_SEARCH_PATHS = "";
			};
			name = Debug;
		};
		1DEB922008733DC00010E9CD /* Release */ = {
			isa = XCBuildConfiguration;
			baseConfigurationReference = 24DD6D1B1134B66800162E58 /* titanium.xcconfig */;
			buildSettings = {
				ALWAYS_SEARCH_USER_PATHS = NO;
				CLANG_CXX_LANGUAGE_STANDARD = "gnu++0x";
				CLANG_CXX_LIBRARY = "libc++";
				CLANG_ENABLE_MODULES = YES;
				CLANG_ENABLE_OBJC_ARC = YES;
				CLANG_WARN_BOOL_CONVERSION = YES;
				CLANG_WARN_CONSTANT_CONVERSION = YES;
				CLANG_WARN_DIRECT_OBJC_ISA_USAGE = YES_ERROR;
				CLANG_WARN_EMPTY_BODY = YES;
				CLANG_WARN_ENUM_CONVERSION = YES;
				CLANG_WARN_INT_CONVERSION = YES;
				CLANG_WARN_OBJC_ROOT_CLASS = YES_ERROR;
				CLANG_WARN_UNREACHABLE_CODE = YES;
				CLANG_WARN__DUPLICATE_METHOD_MATCH = YES;
				DSTROOT = /tmp/ComCentogramReadium.dst;
				ENABLE_NS_ASSERTIONS = NO;
				ENABLE_STRICT_OBJC_MSGSEND = YES;
				GCC_C_LANGUAGE_STANDARD = gnu99;
				GCC_MODEL_TUNING = G5;
				GCC_PRECOMPILE_PREFIX_HEADER = YES;
				GCC_PREFIX_HEADER = ComCentogramReadium_Prefix.pch;
				GCC_PREPROCESSOR_DEFINITIONS = "TI_VERSION=$(TI_VERSION)";
				GCC_TREAT_WARNINGS_AS_ERRORS = NO;
				GCC_VERSION = "";
				GCC_WARN_64_TO_32_BIT_CONVERSION = YES;
				GCC_WARN_ABOUT_RETURN_TYPE = YES_ERROR;
				GCC_WARN_MISSING_PARENTHESES = YES;
				GCC_WARN_SHADOW = NO;
				GCC_WARN_STRICT_SELECTOR_MATCH = NO;
				GCC_WARN_UNDECLARED_SELECTOR = YES;
				GCC_WARN_UNINITIALIZED_AUTOS = YES_AGGRESSIVE;
				GCC_WARN_UNUSED_FUNCTION = YES;
				GCC_WARN_UNUSED_PARAMETER = NO;
				GCC_WARN_UNUSED_VALUE = YES;
				GCC_WARN_UNUSED_VARIABLE = YES;
				HEADER_SEARCH_PATHS = (
					"$(TITANIUM_BASE_SDK3)",
					"$(TITANIUM_BASE_SDK)",
					"$(TITANIUM_BASE_SDK2)",
					"${SDKROOT}/usr/include/libxml2",
					"${PROJECT_DIR}/readium-sdk/Platform/Apple/include",
				);
				INSTALL_GROUP = "$(GROUP)";
				INSTALL_PATH = /usr/local/lib;
				IPHONEOS_DEPLOYMENT_TARGET = 8.1;
				LD_RUNPATH_SEARCH_PATHS = "$(inherited) @executable_path/Frameworks";
				LIBRARY_SEARCH_PATHS = "";
				MACH_O_TYPE = staticlib;
				OTHER_CFLAGS = "-DTI_POST_1_2";
				OTHER_LDFLAGS = "-ObjC";
				PRIVATE_HEADERS_FOLDER_PATH = /usr/local/include;
				PRODUCT_NAME = ComCentogramReadium;
				RUN_CLANG_STATIC_ANALYZER = NO;
				SDKROOT = iphoneos;
				STRIP_STYLE = all;
				USER_HEADER_SEARCH_PATHS = "";
			};
			name = Release;
		};
		1DEB922308733DC00010E9CD /* Debug */ = {
			isa = XCBuildConfiguration;
			baseConfigurationReference = 24DD6D1B1134B66800162E58 /* titanium.xcconfig */;
			buildSettings = {
				ALTERNATE_GROUP = "$(GROUP)";
				ALWAYS_SEARCH_USER_PATHS = NO;
				CLANG_CXX_LIBRARY = "libstdc++";
				CODE_SIGN_IDENTITY = "iPhone Developer";
				"CODE_SIGN_IDENTITY[sdk=iphoneos*]" = "iPhone Developer";
				COPY_PHASE_STRIP = NO;
				DSTROOT = /tmp/ComCentogramReadium.dst;
				GCC_C_LANGUAGE_STANDARD = c99;
				GCC_OPTIMIZATION_LEVEL = 0;
				GCC_PRECOMPILE_PREFIX_HEADER = YES;
				GCC_PREFIX_HEADER = ComCentogramReadium_Prefix.pch;
				GCC_PREPROCESSOR_DEFINITIONS = "TI_VERSION=$(TI_VERSION)";
				GCC_TREAT_WARNINGS_AS_ERRORS = NO;
				GCC_VERSION = "";
				GCC_WARN_ABOUT_RETURN_TYPE = NO;
				GCC_WARN_MISSING_PARENTHESES = NO;
				GCC_WARN_SHADOW = NO;
				GCC_WARN_STRICT_SELECTOR_MATCH = NO;
				GCC_WARN_UNUSED_FUNCTION = YES;
				GCC_WARN_UNUSED_PARAMETER = NO;
				GCC_WARN_UNUSED_VALUE = NO;
				GCC_WARN_UNUSED_VARIABLE = NO;
				HEADER_SEARCH_PATHS = (
					"${SDKROOT}/usr/include/libxml2",
					"$(TITANIUM_BASE_SDK)",
					"$(TITANIUM_BASE_SDK2)",
					"$(TITANIUM_BASE_SDK3)",
					"${SRCROOT}/readium-sdk/ePub3/**",
				);
				INSTALL_GROUP = "$(USER)";
				INSTALL_PATH = /usr/local/lib;
				IPHONEOS_DEPLOYMENT_TARGET = 8.1;
				LIBRARY_SEARCH_PATHS = "";
				MACH_O_TYPE = staticlib;
				ONLY_ACTIVE_ARCH = YES;
				OTHER_CFLAGS = (
					"-DDEBUG",
					"-DTI_POST_1_2",
				);
				OTHER_LDFLAGS = "-ObjC";
				PRIVATE_HEADERS_FOLDER_PATH = "";
				PRODUCT_NAME = ComCentogramReadium;
				PROVISIONING_PROFILE = "";
				"PROVISIONING_PROFILE[sdk=iphoneos*]" = "";
				RUN_CLANG_STATIC_ANALYZER = NO;
				SDKROOT = iphoneos;
				USER_HEADER_SEARCH_PATHS = "";
			};
			name = Debug;
		};
		1DEB922408733DC00010E9CD /* Release */ = {
			isa = XCBuildConfiguration;
			baseConfigurationReference = 24DD6D1B1134B66800162E58 /* titanium.xcconfig */;
			buildSettings = {
				ALTERNATE_GROUP = "$(GROUP)";
				ALWAYS_SEARCH_USER_PATHS = NO;
				CLANG_CXX_LIBRARY = "libstdc++";
				DSTROOT = /tmp/ComCentogramReadium.dst;
				GCC_C_LANGUAGE_STANDARD = c99;
				GCC_MODEL_TUNING = G5;
				GCC_PRECOMPILE_PREFIX_HEADER = YES;
				GCC_PREFIX_HEADER = ComCentogramReadium_Prefix.pch;
				GCC_PREPROCESSOR_DEFINITIONS = "TI_VERSION=$(TI_VERSION)";
				GCC_TREAT_WARNINGS_AS_ERRORS = NO;
				GCC_VERSION = "";
				GCC_WARN_ABOUT_RETURN_TYPE = NO;
				GCC_WARN_MISSING_PARENTHESES = NO;
				GCC_WARN_SHADOW = NO;
				GCC_WARN_STRICT_SELECTOR_MATCH = NO;
				GCC_WARN_UNUSED_FUNCTION = YES;
				GCC_WARN_UNUSED_PARAMETER = NO;
				GCC_WARN_UNUSED_VALUE = NO;
				GCC_WARN_UNUSED_VARIABLE = NO;
				HEADER_SEARCH_PATHS = (
					"${SDKROOT}/usr/include/libxml2",
					"$(TITANIUM_BASE_SDK)",
					"$(TITANIUM_BASE_SDK2)",
					"$(TITANIUM_BASE_SDK3)",
					"${SRCROOT}/readium-sdk/ePub3/**",
				);
				INSTALL_GROUP = "$(USER)";
				INSTALL_PATH = /usr/local/lib;
				IPHONEOS_DEPLOYMENT_TARGET = 8.1;
				LIBRARY_SEARCH_PATHS = "";
				MACH_O_TYPE = staticlib;
				OTHER_CFLAGS = "-DTI_POST_1_2";
				OTHER_LDFLAGS = "-ObjC";
				PRIVATE_HEADERS_FOLDER_PATH = "";
				PRODUCT_NAME = ComCentogramReadium;
				RUN_CLANG_STATIC_ANALYZER = NO;
				SDKROOT = iphoneos;
				USER_HEADER_SEARCH_PATHS = "";
				VALIDATE_PRODUCT = YES;
			};
			name = Release;
		};
		24416B8211C4CA220047AFDD /* Debug */ = {
			isa = XCBuildConfiguration;
			baseConfigurationReference = 24DD6D1B1134B66800162E58 /* titanium.xcconfig */;
			buildSettings = {
				ALWAYS_SEARCH_USER_PATHS = NO;
				COPY_PHASE_STRIP = NO;
				GCC_DYNAMIC_NO_PIC = NO;
				GCC_OPTIMIZATION_LEVEL = 0;
				HEADER_SEARCH_PATHS = (
					"$(TITANIUM_BASE_SDK)",
					"$(TITANIUM_BASE_SDK2)",
					"$(TITANIUM_BASE_SDK3)",
				);
				PRODUCT_NAME = "Build & test";
			};
			name = Debug;
		};
		24416B8311C4CA220047AFDD /* Release */ = {
			isa = XCBuildConfiguration;
			baseConfigurationReference = 24DD6D1B1134B66800162E58 /* titanium.xcconfig */;
			buildSettings = {
				COPY_PHASE_STRIP = YES;
				DEBUG_INFORMATION_FORMAT = "dwarf-with-dsym";
				GCC_ENABLE_FIX_AND_CONTINUE = NO;
				HEADER_SEARCH_PATHS = (
					"$(TITANIUM_BASE_SDK)",
					"$(TITANIUM_BASE_SDK2)",
					"$(TITANIUM_BASE_SDK3)",
				);
				PRODUCT_NAME = "Build & test";
				ZERO_LINK = NO;
			};
			name = Release;
		};
/* End XCBuildConfiguration section */

/* Begin XCConfigurationList section */
		1DEB921E08733DC00010E9CD /* Build configuration list for PBXNativeTarget "Readium" */ = {
			isa = XCConfigurationList;
			buildConfigurations = (
				1DEB921F08733DC00010E9CD /* Debug */,
				1DEB922008733DC00010E9CD /* Release */,
			);
			defaultConfigurationIsVisible = 0;
			defaultConfigurationName = Release;
		};
		1DEB922208733DC00010E9CD /* Build configuration list for PBXProject "Readium" */ = {
			isa = XCConfigurationList;
			buildConfigurations = (
				1DEB922308733DC00010E9CD /* Debug */,
				1DEB922408733DC00010E9CD /* Release */,
			);
			defaultConfigurationIsVisible = 0;
			defaultConfigurationName = Release;
		};
		24416B8A11C4CA520047AFDD /* Build configuration list for PBXAggregateTarget "Build & Test" */ = {
			isa = XCConfigurationList;
			buildConfigurations = (
				24416B8211C4CA220047AFDD /* Debug */,
				24416B8311C4CA220047AFDD /* Release */,
			);
			defaultConfigurationIsVisible = 0;
			defaultConfigurationName = Release;
		};
/* End XCConfigurationList section */
	};
	rootObject = 0867D690FE84028FC02AAC07 /* Project object */;
}
